
Microsoft Visual Studio Solution File, Format Version 12.00
# Visual Studio Version 17
VisualStudioVersion = 17.0.32014.148
MinimumVisualStudioVersion = 10.0.40219.1
Project("{FAE04EC0-301F-11D3-BF4B-00C04F79EFBC}") = "LoanCalculator", "LoanCalculator\LoanCalculator.csproj", "{B153D473-5050-4E9F-8347-2D6C28B7B7C7}"
EndProject
Global
	GlobalSection(SolutionConfigurationPlatforms) = preSolution
		Debug|Any CPU = Debug|Any CPU
		Release|Any CPU = Release|Any CPU
	EndGlobalSection
	GlobalSection(ProjectConfigurationPlatforms) = postSolution
		{B153D473-5050-4E9F-8347-2D6C28B7B7C7}.Debug|Any CPU.ActiveCfg = Debug|Any CPU
		{B153D473-5050-4E9F-8347-2D6C28B7B7C7}.Debug|Any CPU.Build.0 = Debug|Any CPU
		{B153D473-5050-4E9F-8347-2D6C28B7B7C7}.Release|Any CPU.ActiveCfg = Release|Any CPU
		{B153D473-5050-4E9F-8347-2D6C28B7B7C7}.Release|Any CPU.Build.0 = Release|Any CPU
	EndGlobalSection
	GlobalSection(SolutionProperties) = preSolution
		HideSolutionNode = FALSE
	EndGlobalSection
	GlobalSection(ExtensibilityGlobals) = postSolution
		SolutionGuid = {BED7C61B-8AA4-4518-9AD2-73515C3BF568}
	EndGlobalSection
EndGlobal
